
Microsoft Visual Studio Solution File, Format Version 12.00
# Visual Studio Version 16
VisualStudioVersion = 16.0.30717.126
MinimumVisualStudioVersion = 10.0.40219.1
Project("{FAE04EC0-301F-11D3-BF4B-00C04F79EFBC}") = "Cueue", "Cueue\Cueue.csproj", "{B891D54A-A284-4540-8393-CC4A73756C02}"
EndProject
Global
	GlobalSection(SolutionConfigurationPlatforms) = preSolution
		Debug|Any CPU = Debug|Any CPU
		Release|Any CPU = Release|Any CPU
	EndGlobalSection
	GlobalSection(ProjectConfigurationPlatforms) = postSolution
		{B891D54A-A284-4540-8393-CC4A73756C02}.Debug|Any CPU.ActiveCfg = Debug|Any CPU
		{B891D54A-A284-4540-8393-CC4A73756C02}.Debug|Any CPU.Build.0 = Debug|Any CPU
		{B891D54A-A284-4540-8393-CC4A73756C02}.Release|Any CPU.ActiveCfg = Release|Any CPU
		{B891D54A-A284-4540-8393-CC4A73756C02}.Release|Any CPU.Build.0 = Release|Any CPU
	EndGlobalSection
	GlobalSection(SolutionProperties) = preSolution
		HideSolutionNode = FALSE
	EndGlobalSection
	GlobalSection(ExtensibilityGlobals) = postSolution
		SolutionGuid = {1A547867-34F7-411F-ABE6-836B67617157}
	EndGlobalSection
EndGlobal
